
Microsoft Visual Studio Solution File, Format Version 12.00
# Visual Studio Version 16
VisualStudioVersion = 25.0.1700.3
MinimumVisualStudioVersion = 10.0.40219.1
Project("{FAE04EC0-301F-11D3-BF4B-00C04F79EFBC}") = "WebApi", "WebApi.csproj", "{E2A5C356-FCD4-4CFD-B13A-1869E3583A39}"
EndProject
Global
	GlobalSection(SolutionConfigurationPlatforms) = preSolution
		Debug|Any CPU = Debug|Any CPU
		Release|Any CPU = Release|Any CPU
	EndGlobalSection
	GlobalSection(ProjectConfigurationPlatforms) = postSolution
		{E2A5C356-FCD4-4CFD-B13A-1869E3583A39}.Debug|Any CPU.ActiveCfg = Debug|Any CPU
		{E2A5C356-FCD4-4CFD-B13A-1869E3583A39}.Debug|Any CPU.Build.0 = Debug|Any CPU
		{E2A5C356-FCD4-4CFD-B13A-1869E3583A39}.Release|Any CPU.ActiveCfg = Release|Any CPU
		{E2A5C356-FCD4-4CFD-B13A-1869E3583A39}.Release|Any CPU.Build.0 = Release|Any CPU
	EndGlobalSection
	GlobalSection(SolutionProperties) = preSolution
		HideSolutionNode = FALSE
	EndGlobalSection
	GlobalSection(ExtensibilityGlobals) = postSolution
		SolutionGuid = {6EF48759-1C6C-46A3-A4C8-CF749C20534A}
	EndGlobalSection
EndGlobal
